<?xml version="1.0" encoding="utf-8"?>
<Project ToolsVersion="18.0" xmlns="http://schemas.microsoft.com/developer/msbuild/2003">
  <ItemGroup>
    <ClCompile Include="C:\Users\user\Desktop\do_the_evolution-main\evolution_sim\src\Agent.cpp">
      <Filter>Source Files</Filter>
    </ClCompile>
    <ClCompile Include="C:\Users\user\Desktop\do_the_evolution-main\evolution_sim\src\Environment.cpp">
      <Filter>Source Files</Filter>
    </ClCompile>
    <ClCompile Include="C:\Users\user\Desktop\do_the_evolution-main\evolution_sim\src\GeneticAlgorithm.cpp">
      <Filter>Source Files</Filter>
    </ClCompile>
    <ClCompile Include="C:\Users\user\Desktop\do_the_evolution-main\evolution_sim\src\Logger.cpp">
      <Filter>Source Files</Filter>
    </ClCompile>
    <ClCompile Include="C:\Users\user\Desktop\do_the_evolution-main\evolution_sim\src\NeuralNetwork.cpp">
      <Filter>Source Files</Filter>
    </ClCompile>
    <ClCompile Include="C:\Users\user\Desktop\do_the_evolution-main\evolution_sim\src\Renderer.cpp">
      <Filter>Source Files</Filter>
    </ClCompile>
    <ClCompile Include="C:\Users\user\Desktop\do_the_evolution-main\evolution_sim\src\Simulation.cpp">
      <Filter>Source Files</Filter>
    </ClCompile>
    <ClCompile Include="C:\Users\user\Desktop\do_the_evolution-main\evolution_sim\src\main.cpp">
      <Filter>Source Files</Filter>
    </ClCompile>
  </ItemGroup>
  <ItemGroup>
    <CustomBuild Include="C:\Users\user\Desktop\do_the_evolution-main\evolution_sim\CMakeLists.txt" />
  </ItemGroup>
  <ItemGroup>
    <Filter Include="Source Files">
      <UniqueIdentifier>{D91AD41F-C3F8-32C4-8F7F-F09CB60238A0}</UniqueIdentifier>
    </Filter>
  </ItemGroup>
</Project>
